
Microsoft Visual Studio Solution File, Format Version 11.00
# Visual Studio 2010
Project("{F184B08F-C81C-45F6-A57F-5ABD9991F28F}") = "SourceCode", "Devil7 - Splash Changer for Redmi 3S\SourceCode.vbproj", "{340331D6-E338-45D8-AD93-87306CF4019E}"
EndProject
Global
	GlobalSection(SolutionConfigurationPlatforms) = preSolution
		Debug|x86 = Debug|x86
		Release|x86 = Release|x86
	EndGlobalSection
	GlobalSection(ProjectConfigurationPlatforms) = postSolution
		{340331D6-E338-45D8-AD93-87306CF4019E}.Debug|x86.ActiveCfg = Debug|x86
		{340331D6-E338-45D8-AD93-87306CF4019E}.Debug|x86.Build.0 = Debug|x86
		{340331D6-E338-45D8-AD93-87306CF4019E}.Release|x86.ActiveCfg = Release|x86
		{340331D6-E338-45D8-AD93-87306CF4019E}.Release|x86.Build.0 = Release|x86
	EndGlobalSection
	GlobalSection(SolutionProperties) = preSolution
		HideSolutionNode = FALSE
	EndGlobalSection
EndGlobal
